
Microsoft Visual Studio Solution File, Format Version 12.00
# Visual Studio Version 16
VisualStudioVersion = 16.0.31402.337
MinimumVisualStudioVersion = 10.0.40219.1
Project("{9A19103F-16F7-4668-BE54-9A1E7A4F7556}") = "Exercise1", "ConsoleApp1\Exercise1.csproj", "{67370494-9C9F-4CE6-BDF7-8C4209C9B801}"
EndProject
Project("{FAE04EC0-301F-11D3-BF4B-00C04F79EFBC}") = "Exercise2", "Exercise2\Exercise2.csproj", "{B189AE16-CEA1-4E8E-A93F-D7B9F5AFF53B}"
EndProject
Project("{FAE04EC0-301F-11D3-BF4B-00C04F79EFBC}") = "Exercise3", "Exercise3\Exercise3.csproj", "{BF9FD56E-3ECE-4C30-9B5B-62CEC6B74736}"
EndProject
Project("{FAE04EC0-301F-11D3-BF4B-00C04F79EFBC}") = "Exercise4", "Exercise4\Exercise4.csproj", "{759DE2DA-24D8-4269-957B-F2241853C3D7}"
EndProject
Project("{FAE04EC0-301F-11D3-BF4B-00C04F79EFBC}") = "Exercise5", "Exercise5\Exercise5.csproj", "{DD635212-54A5-47C6-A131-1016687F72E5}"
EndProject
Global
	GlobalSection(SolutionConfigurationPlatforms) = preSolution
		Debug|Any CPU = Debug|Any CPU
		Release|Any CPU = Release|Any CPU
	EndGlobalSection
	GlobalSection(ProjectConfigurationPlatforms) = postSolution
		{67370494-9C9F-4CE6-BDF7-8C4209C9B801}.Debug|Any CPU.ActiveCfg = Debug|Any CPU
		{67370494-9C9F-4CE6-BDF7-8C4209C9B801}.Debug|Any CPU.Build.0 = Debug|Any CPU
		{67370494-9C9F-4CE6-BDF7-8C4209C9B801}.Release|Any CPU.ActiveCfg = Release|Any CPU
		{67370494-9C9F-4CE6-BDF7-8C4209C9B801}.Release|Any CPU.Build.0 = Release|Any CPU
		{B189AE16-CEA1-4E8E-A93F-D7B9F5AFF53B}.Debug|Any CPU.ActiveCfg = Debug|Any CPU
		{B189AE16-CEA1-4E8E-A93F-D7B9F5AFF53B}.Debug|Any CPU.Build.0 = Debug|Any CPU
		{B189AE16-CEA1-4E8E-A93F-D7B9F5AFF53B}.Release|Any CPU.ActiveCfg = Release|Any CPU
		{B189AE16-CEA1-4E8E-A93F-D7B9F5AFF53B}.Release|Any CPU.Build.0 = Release|Any CPU
		{BF9FD56E-3ECE-4C30-9B5B-62CEC6B74736}.Debug|Any CPU.ActiveCfg = Debug|Any CPU
		{BF9FD56E-3ECE-4C30-9B5B-62CEC6B74736}.Debug|Any CPU.Build.0 = Debug|Any CPU
		{BF9FD56E-3ECE-4C30-9B5B-62CEC6B74736}.Release|Any CPU.ActiveCfg = Release|Any CPU
		{BF9FD56E-3ECE-4C30-9B5B-62CEC6B74736}.Release|Any CPU.Build.0 = Release|Any CPU
		{759DE2DA-24D8-4269-957B-F2241853C3D7}.Debug|Any CPU.ActiveCfg = Debug|Any CPU
		{759DE2DA-24D8-4269-957B-F2241853C3D7}.Debug|Any CPU.Build.0 = Debug|Any CPU
		{759DE2DA-24D8-4269-957B-F2241853C3D7}.Release|Any CPU.ActiveCfg = Release|Any CPU
		{759DE2DA-24D8-4269-957B-F2241853C3D7}.Release|Any CPU.Build.0 = Release|Any CPU
		{DD635212-54A5-47C6-A131-1016687F72E5}.Debug|Any CPU.ActiveCfg = Debug|Any CPU
		{DD635212-54A5-47C6-A131-1016687F72E5}.Debug|Any CPU.Build.0 = Debug|Any CPU
		{DD635212-54A5-47C6-A131-1016687F72E5}.Release|Any CPU.ActiveCfg = Release|Any CPU
		{DD635212-54A5-47C6-A131-1016687F72E5}.Release|Any CPU.Build.0 = Release|Any CPU
	EndGlobalSection
	GlobalSection(SolutionProperties) = preSolution
		HideSolutionNode = FALSE
	EndGlobalSection
	GlobalSection(ExtensibilityGlobals) = postSolution
		SolutionGuid = {98C957CE-3559-414C-A0C9-3ADA47A38B85}
	EndGlobalSection
EndGlobal
